
Microsoft Visual Studio Solution File, Format Version 12.00
Project("{FAE04EC0-301F-11D3-BF4B-00C04F79EFBC}") = "ConsoleZ", "ConsoleZ\ConsoleZ.csproj", "{E93262EE-2931-4A75-865F-AC1D63C348A6}"
EndProject
Project("{FAE04EC0-301F-11D3-BF4B-00C04F79EFBC}") = "ConsoleZ.Test", "ConsoleZ.Test\ConsoleZ.Test.csproj", "{9109C3DE-C087-48E0-B1E9-B03C68CFC8AB}"
EndProject
Project("{FAE04EC0-301F-11D3-BF4B-00C04F79EFBC}") = "ConsoleZ.AspNetCore", "ConsoleZ.AspNetCore\ConsoleZ.AspNetCore.csproj", "{F8CAB647-AD27-4A7B-9FE6-CE4ABDFA433A}"
EndProject
Project("{FAE04EC0-301F-11D3-BF4B-00C04F79EFBC}") = "ConsoleZ.Playground", "ConsoleZ.Playground\ConsoleZ.Playground.csproj", "{821E781E-3D2F-4D7F-A8FC-E2C000A551F4}"
EndProject
Project("{FAE04EC0-301F-11D3-BF4B-00C04F79EFBC}") = "ConsoleZ.Playground.Web", "ConsoleZ.Playground.Web\ConsoleZ.Playground.Web.csproj", "{477EE9F7-4685-4F1B-89A7-446E8BB45E9F}"
EndProject
Project("{2150E333-8FDC-42A3-9474-1A3956D46DE8}") = "Hosts", "Hosts", "{92B39A9E-F0D0-4229-82C5-FF507D275E84}"
EndProject
Project("{2150E333-8FDC-42A3-9474-1A3956D46DE8}") = "Scripts", "Scripts", "{44F7D3B7-FF6F-4143-B15D-8744787D3312}"
ProjectSection(SolutionItems) = preProject
	global.json = global.json
	package-version.txt = package-version.txt
	publish.ps1 = publish.ps1
EndProjectSection
EndProject
Global
	GlobalSection(SolutionConfigurationPlatforms) = preSolution
		Debug|Any CPU = Debug|Any CPU
		Release|Any CPU = Release|Any CPU
	EndGlobalSection
	GlobalSection(ProjectConfigurationPlatforms) = postSolution
		{E93262EE-2931-4A75-865F-AC1D63C348A6}.Debug|Any CPU.ActiveCfg = Debug|Any CPU
		{E93262EE-2931-4A75-865F-AC1D63C348A6}.Debug|Any CPU.Build.0 = Debug|Any CPU
		{F8CAB647-AD27-4A7B-9FE6-CE4ABDFA433A}.Debug|Any CPU.ActiveCfg = Debug|Any CPU
		{F8CAB647-AD27-4A7B-9FE6-CE4ABDFA433A}.Debug|Any CPU.Build.0 = Debug|Any CPU
		{821E781E-3D2F-4D7F-A8FC-E2C000A551F4}.Debug|Any CPU.ActiveCfg = Debug|Any CPU
		{821E781E-3D2F-4D7F-A8FC-E2C000A551F4}.Debug|Any CPU.Build.0 = Debug|Any CPU
		{477EE9F7-4685-4F1B-89A7-446E8BB45E9F}.Debug|Any CPU.ActiveCfg = Debug|Any CPU
		{477EE9F7-4685-4F1B-89A7-446E8BB45E9F}.Debug|Any CPU.Build.0 = Debug|Any CPU
		{9109C3DE-C087-48E0-B1E9-B03C68CFC8AB}.Debug|Any CPU.ActiveCfg = Debug|Any CPU
		{9109C3DE-C087-48E0-B1E9-B03C68CFC8AB}.Debug|Any CPU.Build.0 = Debug|Any CPU
	EndGlobalSection
	GlobalSection(NestedProjects) = preSolution
		{821E781E-3D2F-4D7F-A8FC-E2C000A551F4} = {92B39A9E-F0D0-4229-82C5-FF507D275E84}
		{477EE9F7-4685-4F1B-89A7-446E8BB45E9F} = {92B39A9E-F0D0-4229-82C5-FF507D275E84}
	EndGlobalSection
EndGlobal
